
Microsoft Visual Studio Solution File, Format Version 12.00
# Visual Studio Version 16
VisualStudioVersion = 25.0.1706.12
MinimumVisualStudioVersion = 10.0.40219.1
Project("{FAE04EC0-301F-11D3-BF4B-00C04F79EFBC}") = "JsonToDBConsoleApp", "JsonToDBConsoleApp\JsonToDBConsoleApp.csproj", "{382DF9A3-DBE0-4382-8812-6C3033A383E7}"
EndProject
Global
	GlobalSection(SolutionConfigurationPlatforms) = preSolution
		Debug|Any CPU = Debug|Any CPU
		Release|Any CPU = Release|Any CPU
	EndGlobalSection
	GlobalSection(ProjectConfigurationPlatforms) = postSolution
		{382DF9A3-DBE0-4382-8812-6C3033A383E7}.Debug|Any CPU.ActiveCfg = Debug|Any CPU
		{382DF9A3-DBE0-4382-8812-6C3033A383E7}.Debug|Any CPU.Build.0 = Debug|Any CPU
		{382DF9A3-DBE0-4382-8812-6C3033A383E7}.Release|Any CPU.ActiveCfg = Release|Any CPU
		{382DF9A3-DBE0-4382-8812-6C3033A383E7}.Release|Any CPU.Build.0 = Release|Any CPU
	EndGlobalSection
	GlobalSection(SolutionProperties) = preSolution
		HideSolutionNode = FALSE
	EndGlobalSection
	GlobalSection(ExtensibilityGlobals) = postSolution
		SolutionGuid = {0CE0D8B8-478B-4B6D-A79C-3D1356473FC5}
	EndGlobalSection
EndGlobal
